// !$*UTF8*$!
{
	archiveVersion = 1;
	classes = {
	};
	objectVersion = 50;
	objects = {

/* Begin PBXBuildFile section */
		3AD3C9D325A3BA9F00966FDC /* TextField_for_Numbers_in_SwiftUIApp.swift in Sources */ = {isa = PBXBuildFile; fileRef = 3AD3C9D225A3BA9F00966FDC /* TextField_for_Numbers_in_SwiftUIApp.swift */; };
		3AD3C9D525A3BA9F00966FDC /* ContentView.swift in Sources */ = {isa = PBXBuildFile; fileRef = 3AD3C9D425A3BA9F00966FDC /* ContentView.swift */; };
		3AD3C9D725A3BAA100966FDC /* Assets.xcassets in Resources */ = {isa = PBXBuildFile; fileRef = 3AD3C9D625A3BAA100966FDC /* Assets.xcassets */; };
		3AD3C9DA25A3BAA100966FDC /* Preview Assets.xcassets in Resources */ = {isa = PBXBuildFile; fileRef = 3AD3C9D925A3BAA100966FDC /* Preview Assets.xcassets */; };
		3AD3C9E525A3BAE800966FDC /* NumberTextField.swift in Sources */ = {isa = PBXBuildFile; fileRef = 3AD3C9E425A3BAE800966FDC /* NumberTextField.swift */; };
		3AD3C9E825A3BC6D00966FDC /* View+Ext.swift in Sources */ = {isa = PBXBuildFile; fileRef = 3AD3C9E725A3BC6D00966FDC /* View+Ext.swift */; };
/* End PBXBuildFile section */

/* Begin PBXFileReference section */
		3AD3C9CF25A3BA9F00966FDC /* TextField for Numbers in SwiftUI.app */ = {isa = PBXFileReference; explicitFileType = wrapper.application; includeInIndex = 0; path = "TextField for Numbers in SwiftUI.app"; sourceTree = BUILT_PRODUCTS_DIR; };
		3AD3C9D225A3BA9F00966FDC /* TextField_for_Numbers_in_SwiftUIApp.swift */ = {isa = PBXFileReference; lastKnownFileType = sourcecode.swift; path = TextField_for_Numbers_in_SwiftUIApp.swift; sourceTree = "<group>"; };
		3AD3C9D425A3BA9F00966FDC /* ContentView.swift */ = {isa = PBXFileReference; lastKnownFileType = sourcecode.swift; path = ContentView.swift; sourceTree = "<group>"; };
		3AD3C9D625A3BAA100966FDC /* Assets.xcassets */ = {isa = PBXFileReference; lastKnownFileType = folder.assetcatalog; path = Assets.xcassets; sourceTree = "<group>"; };
		3AD3C9D925A3BAA100966FDC /* Preview Assets.xcassets */ = {isa = PBXFileReference; lastKnownFileType = folder.assetcatalog; path = "Preview Assets.xcassets"; sourceTree = "<group>"; };
		3AD3C9DB25A3BAA100966FDC /* Info.plist */ = {isa = PBXFileReference; lastKnownFileType = text.plist.xml; path = Info.plist; sourceTree = "<group>"; };
		3AD3C9E425A3BAE800966FDC /* NumberTextField.swift */ = {isa = PBXFileReference; lastKnownFileType = sourcecode.swift; path = NumberTextField.swift; sourceTree = "<group>"; };
		3AD3C9E725A3BC6D00966FDC /* View+Ext.swift */ = {isa = PBXFileReference; lastKnownFileType = sourcecode.swift; path = "View+Ext.swift"; sourceTree = "<group>"; };
/* End PBXFileReference section */

/* Begin PBXFrameworksBuildPhase section */
		3AD3C9CC25A3BA9E00966FDC /* Frameworks */ = {
			isa = PBXFrameworksBuildPhase;
			buildActionMask = 2147483647;
			files = (
			);
			runOnlyForDeploymentPostprocessing = 0;
		};
/* End PBXFrameworksBuildPhase section */

/* Begin PBXGroup section */
		3AD3C9C625A3BA9E00966FDC = {
			isa = PBXGroup;
			children = (
				3AD3C9D125A3BA9F00966FDC /* TextField for Numbers in SwiftUI */,
				3AD3C9D025A3BA9F00966FDC /* Products */,
			);
			sourceTree = "<group>";
		};
		3AD3C9D025A3BA9F00966FDC /* Products */ = {
			isa = PBXGroup;
			children = (
				3AD3C9CF25A3BA9F00966FDC /* TextField for Numbers in SwiftUI.app */,
			);
			name = Products;
			sourceTree = "<group>";
		};
		3AD3C9D125A3BA9F00966FDC /* TextField for Numbers in SwiftUI */ = {
			isa = PBXGroup;
			children = (
				3AD3C9D225A3BA9F00966FDC /* TextField_for_Numbers_in_SwiftUIApp.swift */,
				3AD3C9D425A3BA9F00966FDC /* ContentView.swift */,
				3AD3C9E425A3BAE800966FDC /* NumberTextField.swift */,
				3AD3C9E725A3BC6D00966FDC /* View+Ext.swift */,
				3AD3C9D625A3BAA100966FDC /* Assets.xcassets */,
				3AD3C9DB25A3BAA100966FDC /* Info.plist */,
				3AD3C9D825A3BAA100966FDC /* Preview Content */,
			);
			path = "TextField for Numbers in SwiftUI";
			sourceTree = "<group>";
		};
		3AD3C9D825A3BAA100966FDC /* Preview Content */ = {
			isa = PBXGroup;
			children = (
				3AD3C9D925A3BAA100966FDC /* Preview Assets.xcassets */,
			);
			path = "Preview Content";
			sourceTree = "<group>";
		};
/* End PBXGroup section */

/* Begin PBXNativeTarget section */
		3AD3C9CE25A3BA9E00966FDC /* TextField for Numbers in SwiftUI */ = {
			isa = PBXNativeTarget;
			buildConfigurationList = 3AD3C9DE25A3BAA100966FDC /* Build configuration list for PBXNativeTarget "TextField for Numbers in SwiftUI" */;
			buildPhases = (
				3AD3C9CB25A3BA9E00966FDC /* Sources */,
				3AD3C9CC25A3BA9E00966FDC /* Frameworks */,
				3AD3C9CD25A3BA9E00966FDC /* Resources */,
			);
			buildRules = (
			);
			dependencies = (
			);
			name = "TextField for Numbers in SwiftUI";
			productName = "TextField for Numbers in SwiftUI";
			productReference = 3AD3C9CF25A3BA9F00966FDC /* TextField for Numbers in SwiftUI.app */;
			productType = "com.apple.product-type.application";
		};
/* End PBXNativeTarget section */

/* Begin PBXProject section */
		3AD3C9C725A3BA9E00966FDC /* Project object */ = {
			isa = PBXProject;
			attributes = {
				LastSwiftUpdateCheck = 1220;
				LastUpgradeCheck = 1220;
				TargetAttributes = {
					3AD3C9CE25A3BA9E00966FDC = {
						CreatedOnToolsVersion = 12.2;
					};
				};
			};
			buildConfigurationList = 3AD3C9CA25A3BA9E00966FDC /* Build configuration list for PBXProject "TextField for Numbers in SwiftUI" */;
			compatibilityVersion = "Xcode 9.3";
			developmentRegion = en;
			hasScannedForEncodings = 0;
			knownRegions = (
				en,
				Base,
			);
			mainGroup = 3AD3C9C625A3BA9E00966FDC;
			productRefGroup = 3AD3C9D025A3BA9F00966FDC /* Products */;
			projectDirPath = "";
			projectRoot = "";
			targets = (
				3AD3C9CE25A3BA9E00966FDC /* TextField for Numbers in SwiftUI */,
			);
		};
/* End PBXProject section */

/* Begin PBXResourcesBuildPhase section */
		3AD3C9CD25A3BA9E00966FDC /* Resources */ = {
			isa = PBXResourcesBuildPhase;
			buildActionMask = 2147483647;
			files = (
				3AD3C9DA25A3BAA100966FDC /* Preview Assets.xcassets in Resources */,
				3AD3C9D725A3BAA100966FDC /* Assets.xcassets in Resources */,
			);
			runOnlyForDeploymentPostprocessing = 0;
		};
/* End PBXResourcesBuildPhase section */

/* Begin PBXSourcesBuildPhase section */
		3AD3C9CB25A3BA9E00966FDC /* Sources */ = {
			isa = PBXSourcesBuildPhase;
			buildActionMask = 2147483647;
			files = (
				3AD3C9E825A3BC6D00966FDC /* View+Ext.swift in Sources */,
				3AD3C9D525A3BA9F00966FDC /* ContentView.swift in Sources */,
				3AD3C9D325A3BA9F00966FDC /* TextField_for_Numbers_in_SwiftUIApp.swift in Sources */,
				3AD3C9E525A3BAE800966FDC /* NumberTextField.swift in Sources */,
			);
			runOnlyForDeploymentPostprocessing = 0;
		};
/* End PBXSourcesBuildPhase section */

/* Begin XCBuildConfiguration section */
		3AD3C9DC25A3BAA100966FDC /* Debug */ = {
			isa = XCBuildConfiguration;
			buildSettings = {
				ALWAYS_SEARCH_USER_PATHS = NO;
				CLANG_ANALYZER_NONNULL = YES;
				CLANG_ANALYZER_NUMBER_OBJECT_CONVERSION = YES_AGGRESSIVE;
				CLANG_CXX_LANGUAGE_STANDARD = "gnu++14";
				CLANG_CXX_LIBRARY = "libc++";
				CLANG_ENABLE_MODULES = YES;
				CLANG_ENABLE_OBJC_ARC = YES;
				CLANG_ENABLE_OBJC_WEAK = YES;
				CLANG_WARN_BLOCK_CAPTURE_AUTORELEASING = YES;
				CLANG_WARN_BOOL_CONVERSION = YES;
				CLANG_WARN_COMMA = YES;
				CLANG_WARN_CONSTANT_CONVERSION = YES;
				CLANG_WARN_DEPRECATED_OBJC_IMPLEMENTATIONS = YES;
				CLANG_WARN_DIRECT_OBJC_ISA_USAGE = YES_ERROR;
				CLANG_WARN_DOCUMENTATION_COMMENTS = YES;
				CLANG_WARN_EMPTY_BODY = YES;
				CLANG_WARN_ENUM_CONVERSION = YES;
				CLANG_WARN_INFINITE_RECURSION = YES;
				CLANG_WARN_INT_CONVERSION = YES;
				CLANG_WARN_NON_LITERAL_NULL_CONVERSION = YES;
				CLANG_WARN_OBJC_IMPLICIT_RETAIN_SELF = YES;
				CLANG_WARN_OBJC_LITERAL_CONVERSION = YES;
				CLANG_WARN_OBJC_ROOT_CLASS = YES_ERROR;
				CLANG_WARN_QUOTED_INCLUDE_IN_FRAMEWORK_HEADER = YES;
				CLANG_WARN_RANGE_LOOP_ANALYSIS = YES;
				CLANG_WARN_STRICT_PROTOTYPES = YES;
				CLANG_WARN_SUSPICIOUS_MOVE = YES;
				CLANG_WARN_UNGUARDED_AVAILABILITY = YES_AGGRESSIVE;
				CLANG_WARN_UNREACHABLE_CODE = YES;
				CLANG_WARN__DUPLICATE_METHOD_MATCH = YES;
				COPY_PHASE_STRIP = NO;
				DEBUG_INFORMATION_FORMAT = dwarf;
				ENABLE_STRICT_OBJC_MSGSEND = YES;
				ENABLE_TESTABILITY = YES;
				GCC_C_LANGUAGE_STANDARD = gnu11;
				GCC_DYNAMIC_NO_PIC = NO;
				GCC_NO_COMMON_BLOCKS = YES;
				GCC_OPTIMIZATION_LEVEL = 0;
				GCC_PREPROCESSOR_DEFINITIONS = (
					"DEBUG=1",
					"$(inherited)",
				);
				GCC_WARN_64_TO_32_BIT_CONVERSION = YES;
				GCC_WARN_ABOUT_RETURN_TYPE = YES_ERROR;
				GCC_WARN_UNDECLARED_SELECTOR = YES;
				GCC_WARN_UNINITIALIZED_AUTOS = YES_AGGRESSIVE;
				GCC_WARN_UNUSED_FUNCTION = YES;
				GCC_WARN_UNUSED_VARIABLE = YES;
				IPHONEOS_DEPLOYMENT_TARGET = 14.2;
				MTL_ENABLE_DEBUG_INFO = INCLUDE_SOURCE;
				MTL_FAST_MATH = YES;
				ONLY_ACTIVE_ARCH = YES;
				SDKROOT = iphoneos;
				SWIFT_ACTIVE_COMPILATION_CONDITIONS = DEBUG;
				SWIFT_OPTIMIZATION_LEVEL = "-Onone";
			};
			name = Debug;
		};
		3AD3C9DD25A3BAA100966FDC /* Release */ = {
			isa = XCBuildConfiguration;
			buildSettings = {
				ALWAYS_SEARCH_USER_PATHS = NO;
				CLANG_ANALYZER_NONNULL = YES;
				CLANG_ANALYZER_NUMBER_OBJECT_CONVERSION = YES_AGGRESSIVE;
				CLANG_CXX_LANGUAGE_STANDARD = "gnu++14";
				CLANG_CXX_LIBRARY = "libc++";
				CLANG_ENABLE_MODULES = YES;
				CLANG_ENABLE_OBJC_ARC = YES;
				CLANG_ENABLE_OBJC_WEAK = YES;
				CLANG_WARN_BLOCK_CAPTURE_AUTORELEASING = YES;
				CLANG_WARN_BOOL_CONVERSION = YES;
				CLANG_WARN_COMMA = YES;
				CLANG_WARN_CONSTANT_CONVERSION = YES;
				CLANG_WARN_DEPRECATED_OBJC_IMPLEMENTATIONS = YES;
				CLANG_WARN_DIRECT_OBJC_ISA_USAGE = YES_ERROR;
				CLANG_WARN_DOCUMENTATION_COMMENTS = YES;
				CLANG_WARN_EMPTY_BODY = YES;
				CLANG_WARN_ENUM_CONVERSION = YES;
				CLANG_WARN_INFINITE_RECURSION = YES;
				CLANG_WARN_INT_CONVERSION = YES;
				CLANG_WARN_NON_LITERAL_NULL_CONVERSION = YES;
				CLANG_WARN_OBJC_IMPLICIT_RETAIN_SELF = YES;
				CLANG_WARN_OBJC_LITERAL_CONVERSION = YES;
				CLANG_WARN_OBJC_ROOT_CLASS = YES_ERROR;
				CLANG_WARN_QUOTED_INCLUDE_IN_FRAMEWORK_HEADER = YES;
				CLANG_WARN_RANGE_LOOP_ANALYSIS = YES;
				CLANG_WARN_STRICT_PROTOTYPES = YES;
				CLANG_WARN_SUSPICIOUS_MOVE = YES;
				CLANG_WARN_UNGUARDED_AVAILABILITY = YES_AGGRESSIVE;
				CLANG_WARN_UNREACHABLE_CODE = YES;
				CLANG_WARN__DUPLICATE_METHOD_MATCH = YES;
				COPY_PHASE_STRIP = NO;
				DEBUG_INFORMATION_FORMAT = "dwarf-with-dsym";
				ENABLE_NS_ASSERTIONS = NO;
				ENABLE_STRICT_OBJC_MSGSEND = YES;
				GCC_C_LANGUAGE_STANDARD = gnu11;
				GCC_NO_COMMON_BLOCKS = YES;
				GCC_WARN_64_TO_32_BIT_CONVERSION = YES;
				GCC_WARN_ABOUT_RETURN_TYPE = YES_ERROR;
				GCC_WARN_UNDECLARED_SELECTOR = YES;
				GCC_WARN_UNINITIALIZED_AUTOS = YES_AGGRESSIVE;
				GCC_WARN_UNUSED_FUNCTION = YES;
				GCC_WARN_UNUSED_VARIABLE = YES;
				IPHONEOS_DEPLOYMENT_TARGET = 14.2;
				MTL_ENABLE_DEBUG_INFO = NO;
				MTL_FAST_MATH = YES;
				SDKROOT = iphoneos;
				SWIFT_COMPILATION_MODE = wholemodule;
				SWIFT_OPTIMIZATION_LEVEL = "-O";
				VALIDATE_PRODUCT = YES;
			};
			name = Release;
		};
		3AD3C9DF25A3BAA100966FDC /* Debug */ = {
			isa = XCBuildConfiguration;
			buildSettings = {
				ASSETCATALOG_COMPILER_APPICON_NAME = AppIcon;
				ASSETCATALOG_COMPILER_GLOBAL_ACCENT_COLOR_NAME = AccentColor;
				CODE_SIGN_STYLE = Automatic;
				DEVELOPMENT_ASSET_PATHS = "\"TextField for Numbers in SwiftUI/Preview Content\"";
				DEVELOPMENT_TEAM = "";
				ENABLE_PREVIEWS = YES;
				INFOPLIST_FILE = "TextField for Numbers in SwiftUI/Info.plist";
				IPHONEOS_DEPLOYMENT_TARGET = 14.0;
				LD_RUNPATH_SEARCH_PATHS = (
					"$(inherited)",
					"@executable_path/Frameworks",
				);
				PRODUCT_BUNDLE_IDENTIFIER = "com.canbalkaya.TextField-for-Numbers-in-SwiftUI";
				PRODUCT_NAME = "$(TARGET_NAME)";
				SWIFT_VERSION = 5.0;
				TARGETED_DEVICE_FAMILY = "1,2";
			};
			name = Debug;
		};
		3AD3C9E025A3BAA100966FDC /* Release */ = {
			isa = XCBuildConfiguration;
			buildSettings = {
				ASSETCATALOG_COMPILER_APPICON_NAME = AppIcon;
				ASSETCATALOG_COMPILER_GLOBAL_ACCENT_COLOR_NAME = AccentColor;
				CODE_SIGN_STYLE = Automatic;
				DEVELOPMENT_ASSET_PATHS = "\"TextField for Numbers in SwiftUI/Preview Content\"";
				DEVELOPMENT_TEAM = "";
				ENABLE_PREVIEWS = YES;
				INFOPLIST_FILE = "TextField for Numbers in SwiftUI/Info.plist";
				IPHONEOS_DEPLOYMENT_TARGET = 14.0;
				LD_RUNPATH_SEARCH_PATHS = (
					"$(inherited)",
					"@executable_path/Frameworks",
				);
				PRODUCT_BUNDLE_IDENTIFIER = "com.canbalkaya.TextField-for-Numbers-in-SwiftUI";
				PRODUCT_NAME = "$(TARGET_NAME)";
				SWIFT_VERSION = 5.0;
				TARGETED_DEVICE_FAMILY = "1,2";
			};
			name = Release;
		};
/* End XCBuildConfiguration section */

/* Begin XCConfigurationList section */
		3AD3C9CA25A3BA9E00966FDC /* Build configuration list for PBXProject "TextField for Numbers in SwiftUI" */ = {
			isa = XCConfigurationList;
			buildConfigurations = (
				3AD3C9DC25A3BAA100966FDC /* Debug */,
				3AD3C9DD25A3BAA100966FDC /* Release */,
			);
			defaultConfigurationIsVisible = 0;
			defaultConfigurationName = Release;
		};
		3AD3C9DE25A3BAA100966FDC /* Build configuration list for PBXNativeTarget "TextField for Numbers in SwiftUI" */ = {
			isa = XCConfigurationList;
			buildConfigurations = (
				3AD3C9DF25A3BAA100966FDC /* Debug */,
				3AD3C9E025A3BAA100966FDC /* Release */,
			);
			defaultConfigurationIsVisible = 0;
			defaultConfigurationName = Release;
		};
/* End XCConfigurationList section */
	};
	rootObject = 3AD3C9C725A3BA9E00966FDC /* Project object */;
}
